// !$*UTF8*$!
{
	archiveVersion = 1;
	classes = {
	};
	objectVersion = 46;
	objects = {

/* Begin PBXBuildFile section */
		4E02CEC51BF8B4A100583422 /* SentMemesTableViewController.swift in Sources */ = {isa = PBXBuildFile; fileRef = 4E02CEC41BF8B4A100583422 /* SentMemesTableViewController.swift */; };
		4E205E221C0F5A1B00731CF9 /* MemeTableViewCell.swift in Sources */ = {isa = PBXBuildFile; fileRef = 4E205E211C0F5A1B00731CF9 /* MemeTableViewCell.swift */; };
		4E4A46431BEC4F6E005AB450 /* Meme.swift in Sources */ = {isa = PBXBuildFile; fileRef = 4E4A46421BEC4F6E005AB450 /* Meme.swift */; };
		4E4A9A6D1C1683F800BB7F22 /* MemeCollectionViewCell.swift in Sources */ = {isa = PBXBuildFile; fileRef = 4E4A9A6C1C1683F800BB7F22 /* MemeCollectionViewCell.swift */; };
		4E55282C1C0B43F50037BF9F /* SentMemesCollectionViewController.swift in Sources */ = {isa = PBXBuildFile; fileRef = 4E55282B1C0B43F50037BF9F /* SentMemesCollectionViewController.swift */; };
		4E58B4AE1BE535E50028A0A0 /* AppDelegate.swift in Sources */ = {isa = PBXBuildFile; fileRef = 4E58B4AD1BE535E50028A0A0 /* AppDelegate.swift */; };
		4E58B4B01BE535E50028A0A0 /* MemeEditorView.swift in Sources */ = {isa = PBXBuildFile; fileRef = 4E58B4AF1BE535E50028A0A0 /* MemeEditorView.swift */; };
		4E58B4B31BE535E50028A0A0 /* Main.storyboard in Resources */ = {isa = PBXBuildFile; fileRef = 4E58B4B11BE535E50028A0A0 /* Main.storyboard */; };
		4E58B4B51BE535E50028A0A0 /* Assets.xcassets in Resources */ = {isa = PBXBuildFile; fileRef = 4E58B4B41BE535E50028A0A0 /* Assets.xcassets */; };
		4E58B4B81BE535E50028A0A0 /* LaunchScreen.storyboard in Resources */ = {isa = PBXBuildFile; fileRef = 4E58B4B61BE535E50028A0A0 /* LaunchScreen.storyboard */; };
		4E58B4C31BE535E50028A0A0 /* MemeMeTests.swift in Sources */ = {isa = PBXBuildFile; fileRef = 4E58B4C21BE535E50028A0A0 /* MemeMeTests.swift */; };
		4E58B4CE1BE535E50028A0A0 /* MemeMeUITests.swift in Sources */ = {isa = PBXBuildFile; fileRef = 4E58B4CD1BE535E50028A0A0 /* MemeMeUITests.swift */; };
		4E9F3C441BEB102B00865A04 /* TextFieldDelegate.swift in Sources */ = {isa = PBXBuildFile; fileRef = 4E9F3C431BEB102B00865A04 /* TextFieldDelegate.swift */; };
		4EE596151C0D4A8700B105AF /* MemeDetailsViewController.swift in Sources */ = {isa = PBXBuildFile; fileRef = 4EE596141C0D4A8700B105AF /* MemeDetailsViewController.swift */; };
/* End PBXBuildFile section */

/* Begin PBXContainerItemProxy section */
		4E58B4BF1BE535E50028A0A0 /* PBXContainerItemProxy */ = {
			isa = PBXContainerItemProxy;
			containerPortal = 4E58B4A21BE535E50028A0A0 /* Project object */;
			proxyType = 1;
			remoteGlobalIDString = 4E58B4A91BE535E50028A0A0;
			remoteInfo = MemeMe;
		};
		4E58B4CA1BE535E50028A0A0 /* PBXContainerItemProxy */ = {
			isa = PBXContainerItemProxy;
			containerPortal = 4E58B4A21BE535E50028A0A0 /* Project object */;
			proxyType = 1;
			remoteGlobalIDString = 4E58B4A91BE535E50028A0A0;
			remoteInfo = MemeMe;
		};
/* End PBXContainerItemProxy section */

/* Begin PBXFileReference section */
		4E02CEC41BF8B4A100583422 /* SentMemesTableViewController.swift */ = {isa = PBXFileReference; fileEncoding = 4; lastKnownFileType = sourcecode.swift; path = SentMemesTableViewController.swift; sourceTree = "<group>"; };
		4E205E211C0F5A1B00731CF9 /* MemeTableViewCell.swift */ = {isa = PBXFileReference; fileEncoding = 4; lastKnownFileType = sourcecode.swift; path = MemeTableViewCell.swift; sourceTree = "<group>"; };
		4E4A46421BEC4F6E005AB450 /* Meme.swift */ = {isa = PBXFileReference; fileEncoding = 4; lastKnownFileType = sourcecode.swift; path = Meme.swift; sourceTree = "<group>"; };
		4E4A9A6C1C1683F800BB7F22 /* MemeCollectionViewCell.swift */ = {isa = PBXFileReference; fileEncoding = 4; lastKnownFileType = sourcecode.swift; path = MemeCollectionViewCell.swift; sourceTree = "<group>"; };
		4E55282B1C0B43F50037BF9F /* SentMemesCollectionViewController.swift */ = {isa = PBXFileReference; fileEncoding = 4; lastKnownFileType = sourcecode.swift; path = SentMemesCollectionViewController.swift; sourceTree = "<group>"; };
		4E58B4AA1BE535E50028A0A0 /* MemeMe.app */ = {isa = PBXFileReference; explicitFileType = wrapper.application; includeInIndex = 0; path = MemeMe.app; sourceTree = BUILT_PRODUCTS_DIR; };
		4E58B4AD1BE535E50028A0A0 /* AppDelegate.swift */ = {isa = PBXFileReference; lastKnownFileType = sourcecode.swift; path = AppDelegate.swift; sourceTree = "<group>"; };
		4E58B4AF1BE535E50028A0A0 /* MemeEditorView.swift */ = {isa = PBXFileReference; lastKnownFileType = sourcecode.swift; path = MemeEditorView.swift; sourceTree = "<group>"; };
		4E58B4B21BE535E50028A0A0 /* Base */ = {isa = PBXFileReference; lastKnownFileType = file.storyboard; name = Base; path = Base.lproj/Main.storyboard; sourceTree = "<group>"; };
		4E58B4B41BE535E50028A0A0 /* Assets.xcassets */ = {isa = PBXFileReference; lastKnownFileType = folder.assetcatalog; path = Assets.xcassets; sourceTree = "<group>"; };
		4E58B4B71BE535E50028A0A0 /* Base */ = {isa = PBXFileReference; lastKnownFileType = file.storyboard; name = Base; path = Base.lproj/LaunchScreen.storyboard; sourceTree = "<group>"; };
		4E58B4B91BE535E50028A0A0 /* Info.plist */ = {isa = PBXFileReference; lastKnownFileType = text.plist.xml; path = Info.plist; sourceTree = "<group>"; };
		4E58B4BE1BE535E50028A0A0 /* MemeMeTests.xctest */ = {isa = PBXFileReference; explicitFileType = wrapper.cfbundle; includeInIndex = 0; path = MemeMeTests.xctest; sourceTree = BUILT_PRODUCTS_DIR; };
		4E58B4C21BE535E50028A0A0 /* MemeMeTests.swift */ = {isa = PBXFileReference; lastKnownFileType = sourcecode.swift; path = MemeMeTests.swift; sourceTree = "<group>"; };
		4E58B4C41BE535E50028A0A0 /* Info.plist */ = {isa = PBXFileReference; lastKnownFileType = text.plist.xml; path = Info.plist; sourceTree = "<group>"; };
		4E58B4C91BE535E50028A0A0 /* MemeMeUITests.xctest */ = {isa = PBXFileReference; explicitFileType = wrapper.cfbundle; includeInIndex = 0; path = MemeMeUITests.xctest; sourceTree = BUILT_PRODUCTS_DIR; };
		4E58B4CD1BE535E50028A0A0 /* MemeMeUITests.swift */ = {isa = PBXFileReference; lastKnownFileType = sourcecode.swift; path = MemeMeUITests.swift; sourceTree = "<group>"; };
		4E58B4CF1BE535E50028A0A0 /* Info.plist */ = {isa = PBXFileReference; lastKnownFileType = text.plist.xml; path = Info.plist; sourceTree = "<group>"; };
		4E9F3C431BEB102B00865A04 /* TextFieldDelegate.swift */ = {isa = PBXFileReference; fileEncoding = 4; lastKnownFileType = sourcecode.swift; path = TextFieldDelegate.swift; sourceTree = "<group>"; };
		4EE596141C0D4A8700B105AF /* MemeDetailsViewController.swift */ = {isa = PBXFileReference; fileEncoding = 4; lastKnownFileType = sourcecode.swift; path = MemeDetailsViewController.swift; sourceTree = "<group>"; };
/* End PBXFileReference section */

/* Begin PBXFrameworksBuildPhase section */
		4E58B4A71BE535E50028A0A0 /* Frameworks */ = {
			isa = PBXFrameworksBuildPhase;
			buildActionMask = 2147483647;
			files = (
			);
			runOnlyForDeploymentPostprocessing = 0;
		};
		4E58B4BB1BE535E50028A0A0 /* Frameworks */ = {
			isa = PBXFrameworksBuildPhase;
			buildActionMask = 2147483647;
			files = (
			);
			runOnlyForDeploymentPostprocessing = 0;
		};
		4E58B4C61BE535E50028A0A0 /* Frameworks */ = {
			isa = PBXFrameworksBuildPhase;
			buildActionMask = 2147483647;
			files = (
			);
			runOnlyForDeploymentPostprocessing = 0;
		};
/* End PBXFrameworksBuildPhase section */

/* Begin PBXGroup section */
		4E58B4A11BE535E50028A0A0 = {
			isa = PBXGroup;
			children = (
				4E58B4AC1BE535E50028A0A0 /* MemeMe */,
				4E58B4C11BE535E50028A0A0 /* MemeMeTests */,
				4E58B4CC1BE535E50028A0A0 /* MemeMeUITests */,
				4E58B4AB1BE535E50028A0A0 /* Products */,
			);
			sourceTree = "<group>";
		};
		4E58B4AB1BE535E50028A0A0 /* Products */ = {
			isa = PBXGroup;
			children = (
				4E58B4AA1BE535E50028A0A0 /* MemeMe.app */,
				4E58B4BE1BE535E50028A0A0 /* MemeMeTests.xctest */,
				4E58B4C91BE535E50028A0A0 /* MemeMeUITests.xctest */,
			);
			name = Products;
			sourceTree = "<group>";
		};
		4E58B4AC1BE535E50028A0A0 /* MemeMe */ = {
			isa = PBXGroup;
			children = (
				4E58B4AD1BE535E50028A0A0 /* AppDelegate.swift */,
				4E58B4AF1BE535E50028A0A0 /* MemeEditorView.swift */,
				4E58B4B11BE535E50028A0A0 /* Main.storyboard */,
				4E58B4B41BE535E50028A0A0 /* Assets.xcassets */,
				4E58B4B61BE535E50028A0A0 /* LaunchScreen.storyboard */,
				4E58B4B91BE535E50028A0A0 /* Info.plist */,
				4E9F3C431BEB102B00865A04 /* TextFieldDelegate.swift */,
				4E4A46421BEC4F6E005AB450 /* Meme.swift */,
				4E02CEC41BF8B4A100583422 /* SentMemesTableViewController.swift */,
				4E55282B1C0B43F50037BF9F /* SentMemesCollectionViewController.swift */,
				4EE596141C0D4A8700B105AF /* MemeDetailsViewController.swift */,
				4E205E211C0F5A1B00731CF9 /* MemeTableViewCell.swift */,
				4E4A9A6C1C1683F800BB7F22 /* MemeCollectionViewCell.swift */,
			);
			path = MemeMe;
			sourceTree = "<group>";
		};
		4E58B4C11BE535E50028A0A0 /* MemeMeTests */ = {
			isa = PBXGroup;
			children = (
				4E58B4C21BE535E50028A0A0 /* MemeMeTests.swift */,
				4E58B4C41BE535E50028A0A0 /* Info.plist */,
			);
			path = MemeMeTests;
			sourceTree = "<group>";
		};
		4E58B4CC1BE535E50028A0A0 /* MemeMeUITests */ = {
			isa = PBXGroup;
			children = (
				4E58B4CD1BE535E50028A0A0 /* MemeMeUITests.swift */,
				4E58B4CF1BE535E50028A0A0 /* Info.plist */,
			);
			path = MemeMeUITests;
			sourceTree = "<group>";
		};
/* End PBXGroup section */

/* Begin PBXNativeTarget section */
		4E58B4A91BE535E50028A0A0 /* MemeMe */ = {
			isa = PBXNativeTarget;
			buildConfigurationList = 4E58B4D21BE535E50028A0A0 /* Build configuration list for PBXNativeTarget "MemeMe" */;
			buildPhases = (
				4E58B4A61BE535E50028A0A0 /* Sources */,
				4E58B4A71BE535E50028A0A0 /* Frameworks */,
				4E58B4A81BE535E50028A0A0 /* Resources */,
			);
			buildRules = (
			);
			dependencies = (
			);
			name = MemeMe;
			productName = MemeMe;
			productReference = 4E58B4AA1BE535E50028A0A0 /* MemeMe.app */;
			productType = "com.apple.product-type.application";
		};
		4E58B4BD1BE535E50028A0A0 /* MemeMeTests */ = {
			isa = PBXNativeTarget;
			buildConfigurationList = 4E58B4D51BE535E50028A0A0 /* Build configuration list for PBXNativeTarget "MemeMeTests" */;
			buildPhases = (
				4E58B4BA1BE535E50028A0A0 /* Sources */,
				4E58B4BB1BE535E50028A0A0 /* Frameworks */,
				4E58B4BC1BE535E50028A0A0 /* Resources */,
			);
			buildRules = (
			);
			dependencies = (
				4E58B4C01BE535E50028A0A0 /* PBXTargetDependency */,
			);
			name = MemeMeTests;
			productName = MemeMeTests;
			productReference = 4E58B4BE1BE535E50028A0A0 /* MemeMeTests.xctest */;
			productType = "com.apple.product-type.bundle.unit-test";
		};
		4E58B4C81BE535E50028A0A0 /* MemeMeUITests */ = {
			isa = PBXNativeTarget;
			buildConfigurationList = 4E58B4D81BE535E50028A0A0 /* Build configuration list for PBXNativeTarget "MemeMeUITests" */;
			buildPhases = (
				4E58B4C51BE535E50028A0A0 /* Sources */,
				4E58B4C61BE535E50028A0A0 /* Frameworks */,
				4E58B4C71BE535E50028A0A0 /* Resources */,
			);
			buildRules = (
			);
			dependencies = (
				4E58B4CB1BE535E50028A0A0 /* PBXTargetDependency */,
			);
			name = MemeMeUITests;
			productName = MemeMeUITests;
			productReference = 4E58B4C91BE535E50028A0A0 /* MemeMeUITests.xctest */;
			productType = "com.apple.product-type.bundle.ui-testing";
		};
/* End PBXNativeTarget section */

/* Begin PBXProject section */
		4E58B4A21BE535E50028A0A0 /* Project object */ = {
			isa = PBXProject;
			attributes = {
				LastSwiftUpdateCheck = 0710;
				LastUpgradeCheck = 0710;
				ORGANIZATIONNAME = "Narasimha Bhat";
				TargetAttributes = {
					4E58B4A91BE535E50028A0A0 = {
						CreatedOnToolsVersion = 7.1;
					};
					4E58B4BD1BE535E50028A0A0 = {
						CreatedOnToolsVersion = 7.1;
						TestTargetID = 4E58B4A91BE535E50028A0A0;
					};
					4E58B4C81BE535E50028A0A0 = {
						CreatedOnToolsVersion = 7.1;
						TestTargetID = 4E58B4A91BE535E50028A0A0;
					};
				};
			};
			buildConfigurationList = 4E58B4A51BE535E50028A0A0 /* Build configuration list for PBXProject "MemeMe" */;
			compatibilityVersion = "Xcode 3.2";
			developmentRegion = English;
			hasScannedForEncodings = 0;
			knownRegions = (
				en,
				Base,
			);
			mainGroup = 4E58B4A11BE535E50028A0A0;
			productRefGroup = 4E58B4AB1BE535E50028A0A0 /* Products */;
			projectDirPath = "";
			projectRoot = "";
			targets = (
				4E58B4A91BE535E50028A0A0 /* MemeMe */,
				4E58B4BD1BE535E50028A0A0 /* MemeMeTests */,
				4E58B4C81BE535E50028A0A0 /* MemeMeUITests */,
			);
		};
/* End PBXProject section */

/* Begin PBXResourcesBuildPhase section */
		4E58B4A81BE535E50028A0A0 /* Resources */ = {
			isa = PBXResourcesBuildPhase;
			buildActionMask = 2147483647;
			files = (
				4E58B4B81BE535E50028A0A0 /* LaunchScreen.storyboard in Resources */,
				4E58B4B51BE535E50028A0A0 /* Assets.xcassets in Resources */,
				4E58B4B31BE535E50028A0A0 /* Main.storyboard in Resources */,
			);
			runOnlyForDeploymentPostprocessing = 0;
		};
		4E58B4BC1BE535E50028A0A0 /* Resources */ = {
			isa = PBXResourcesBuildPhase;
			buildActionMask = 2147483647;
			files = (
			);
			runOnlyForDeploymentPostprocessing = 0;
		};
		4E58B4C71BE535E50028A0A0 /* Resources */ = {
			isa = PBXResourcesBuildPhase;
			buildActionMask = 2147483647;
			files = (
			);
			runOnlyForDeploymentPostprocessing = 0;
		};
/* End PBXResourcesBuildPhase section */

/* Begin PBXSourcesBuildPhase section */
		4E58B4A61BE535E50028A0A0 /* Sources */ = {
			isa = PBXSourcesBuildPhase;
			buildActionMask = 2147483647;
			files = (
				4E58B4B01BE535E50028A0A0 /* MemeEditorView.swift in Sources */,
				4E205E221C0F5A1B00731CF9 /* MemeTableViewCell.swift in Sources */,
				4E4A46431BEC4F6E005AB450 /* Meme.swift in Sources */,
				4E4A9A6D1C1683F800BB7F22 /* MemeCollectionViewCell.swift in Sources */,
				4E55282C1C0B43F50037BF9F /* SentMemesCollectionViewController.swift in Sources */,
				4EE596151C0D4A8700B105AF /* MemeDetailsViewController.swift in Sources */,
				4E58B4AE1BE535E50028A0A0 /* AppDelegate.swift in Sources */,
				4E02CEC51BF8B4A100583422 /* SentMemesTableViewController.swift in Sources */,
				4E9F3C441BEB102B00865A04 /* TextFieldDelegate.swift in Sources */,
			);
			runOnlyForDeploymentPostprocessing = 0;
		};
		4E58B4BA1BE535E50028A0A0 /* Sources */ = {
			isa = PBXSourcesBuildPhase;
			buildActionMask = 2147483647;
			files = (
				4E58B4C31BE535E50028A0A0 /* MemeMeTests.swift in Sources */,
			);
			runOnlyForDeploymentPostprocessing = 0;
		};
		4E58B4C51BE535E50028A0A0 /* Sources */ = {
			isa = PBXSourcesBuildPhase;
			buildActionMask = 2147483647;
			files = (
				4E58B4CE1BE535E50028A0A0 /* MemeMeUITests.swift in Sources */,
			);
			runOnlyForDeploymentPostprocessing = 0;
		};
/* End PBXSourcesBuildPhase section */

/* Begin PBXTargetDependency section */
		4E58B4C01BE535E50028A0A0 /* PBXTargetDependency */ = {
			isa = PBXTargetDependency;
			target = 4E58B4A91BE535E50028A0A0 /* MemeMe */;
			targetProxy = 4E58B4BF1BE535E50028A0A0 /* PBXContainerItemProxy */;
		};
		4E58B4CB1BE535E50028A0A0 /* PBXTargetDependency */ = {
			isa = PBXTargetDependency;
			target = 4E58B4A91BE535E50028A0A0 /* MemeMe */;
			targetProxy = 4E58B4CA1BE535E50028A0A0 /* PBXContainerItemProxy */;
		};
/* End PBXTargetDependency section */

/* Begin PBXVariantGroup section */
		4E58B4B11BE535E50028A0A0 /* Main.storyboard */ = {
			isa = PBXVariantGroup;
			children = (
				4E58B4B21BE535E50028A0A0 /* Base */,
			);
			name = Main.storyboard;
			sourceTree = "<group>";
		};
		4E58B4B61BE535E50028A0A0 /* LaunchScreen.storyboard */ = {
			isa = PBXVariantGroup;
			children = (
				4E58B4B71BE535E50028A0A0 /* Base */,
			);
			name = LaunchScreen.storyboard;
			sourceTree = "<group>";
		};
/* End PBXVariantGroup section */

/* Begin XCBuildConfiguration section */
		4E58B4D01BE535E50028A0A0 /* Debug */ = {
			isa = XCBuildConfiguration;
			buildSettings = {
				ALWAYS_SEARCH_USER_PATHS = NO;
				CLANG_CXX_LANGUAGE_STANDARD = "gnu++0x";
				CLANG_CXX_LIBRARY = "libc++";
				CLANG_ENABLE_MODULES = YES;
				CLANG_ENABLE_OBJC_ARC = YES;
				CLANG_WARN_BOOL_CONVERSION = YES;
				CLANG_WARN_CONSTANT_CONVERSION = YES;
				CLANG_WARN_DIRECT_OBJC_ISA_USAGE = YES_ERROR;
				CLANG_WARN_EMPTY_BODY = YES;
				CLANG_WARN_ENUM_CONVERSION = YES;
				CLANG_WARN_INT_CONVERSION = YES;
				CLANG_WARN_OBJC_ROOT_CLASS = YES_ERROR;
				CLANG_WARN_UNREACHABLE_CODE = YES;
				CLANG_WARN__DUPLICATE_METHOD_MATCH = YES;
				"CODE_SIGN_IDENTITY[sdk=iphoneos*]" = "iPhone Developer";
				COPY_PHASE_STRIP = NO;
				DEBUG_INFORMATION_FORMAT = dwarf;
				ENABLE_STRICT_OBJC_MSGSEND = YES;
				ENABLE_TESTABILITY = YES;
				GCC_C_LANGUAGE_STANDARD = gnu99;
				GCC_DYNAMIC_NO_PIC = NO;
				GCC_NO_COMMON_BLOCKS = YES;
				GCC_OPTIMIZATION_LEVEL = 0;
				GCC_PREPROCESSOR_DEFINITIONS = (
					"DEBUG=1",
					"$(inherited)",
				);
				GCC_WARN_64_TO_32_BIT_CONVERSION = YES;
				GCC_WARN_ABOUT_RETURN_TYPE = YES_ERROR;
				GCC_WARN_UNDECLARED_SELECTOR = YES;
				GCC_WARN_UNINITIALIZED_AUTOS = YES_AGGRESSIVE;
				GCC_WARN_UNUSED_FUNCTION = YES;
				GCC_WARN_UNUSED_VARIABLE = YES;
				IPHONEOS_DEPLOYMENT_TARGET = 9.1;
				MTL_ENABLE_DEBUG_INFO = YES;
				ONLY_ACTIVE_ARCH = YES;
				SDKROOT = iphoneos;
				SWIFT_OPTIMIZATION_LEVEL = "-Onone";
			};
			name = Debug;
		};
		4E58B4D11BE535E50028A0A0 /* Release */ = {
			isa = XCBuildConfiguration;
			buildSettings = {
				ALWAYS_SEARCH_USER_PATHS = NO;
				CLANG_CXX_LANGUAGE_STANDARD = "gnu++0x";
				CLANG_CXX_LIBRARY = "libc++";
				CLANG_ENABLE_MODULES = YES;
				CLANG_ENABLE_OBJC_ARC = YES;
				CLANG_WARN_BOOL_CONVERSION = YES;
				CLANG_WARN_CONSTANT_CONVERSION = YES;
				CLANG_WARN_DIRECT_OBJC_ISA_USAGE = YES_ERROR;
				CLANG_WARN_EMPTY_BODY = YES;
				CLANG_WARN_ENUM_CONVERSION = YES;
				CLANG_WARN_INT_CONVERSION = YES;
				CLANG_WARN_OBJC_ROOT_CLASS = YES_ERROR;
				CLANG_WARN_UNREACHABLE_CODE = YES;
				CLANG_WARN__DUPLICATE_METHOD_MATCH = YES;
				"CODE_SIGN_IDENTITY[sdk=iphoneos*]" = "iPhone Developer";
				COPY_PHASE_STRIP = NO;
				DEBUG_INFORMATION_FORMAT = "dwarf-with-dsym";
				ENABLE_NS_ASSERTIONS = NO;
				ENABLE_STRICT_OBJC_MSGSEND = YES;
				GCC_C_LANGUAGE_STANDARD = gnu99;
				GCC_NO_COMMON_BLOCKS = YES;
				GCC_WARN_64_TO_32_BIT_CONVERSION = YES;
				GCC_WARN_ABOUT_RETURN_TYPE = YES_ERROR;
				GCC_WARN_UNDECLARED_SELECTOR = YES;
				GCC_WARN_UNINITIALIZED_AUTOS = YES_AGGRESSIVE;
				GCC_WARN_UNUSED_FUNCTION = YES;
				GCC_WARN_UNUSED_VARIABLE = YES;
				IPHONEOS_DEPLOYMENT_TARGET = 9.1;
				MTL_ENABLE_DEBUG_INFO = NO;
				SDKROOT = iphoneos;
				VALIDATE_PRODUCT = YES;
			};
			name = Release;
		};
		4E58B4D31BE535E50028A0A0 /* Debug */ = {
			isa = XCBuildConfiguration;
			buildSettings = {
				ASSETCATALOG_COMPILER_APPICON_NAME = AppIcon;
				INFOPLIST_FILE = MemeMe/Info.plist;
				LD_RUNPATH_SEARCH_PATHS = "$(inherited) @executable_path/Frameworks";
				PRODUCT_BUNDLE_IDENTIFIER = nbhat.MemeMe;
				PRODUCT_NAME = "$(TARGET_NAME)";
			};
			name = Debug;
		};
		4E58B4D41BE535E50028A0A0 /* Release */ = {
			isa = XCBuildConfiguration;
			buildSettings = {
				ASSETCATALOG_COMPILER_APPICON_NAME = AppIcon;
				INFOPLIST_FILE = MemeMe/Info.plist;
				LD_RUNPATH_SEARCH_PATHS = "$(inherited) @executable_path/Frameworks";
				PRODUCT_BUNDLE_IDENTIFIER = nbhat.MemeMe;
				PRODUCT_NAME = "$(TARGET_NAME)";
			};
			name = Release;
		};
		4E58B4D61BE535E50028A0A0 /* Debug */ = {
			isa = XCBuildConfiguration;
			buildSettings = {
				BUNDLE_LOADER = "$(TEST_HOST)";
				INFOPLIST_FILE = MemeMeTests/Info.plist;
				LD_RUNPATH_SEARCH_PATHS = "$(inherited) @executable_path/Frameworks @loader_path/Frameworks";
				PRODUCT_BUNDLE_IDENTIFIER = nbhat.MemeMeTests;
				PRODUCT_NAME = "$(TARGET_NAME)";
				TEST_HOST = "$(BUILT_PRODUCTS_DIR)/MemeMe.app/MemeMe";
			};
			name = Debug;
		};
		4E58B4D71BE535E50028A0A0 /* Release */ = {
			isa = XCBuildConfiguration;
			buildSettings = {
				BUNDLE_LOADER = "$(TEST_HOST)";
				INFOPLIST_FILE = MemeMeTests/Info.plist;
				LD_RUNPATH_SEARCH_PATHS = "$(inherited) @executable_path/Frameworks @loader_path/Frameworks";
				PRODUCT_BUNDLE_IDENTIFIER = nbhat.MemeMeTests;
				PRODUCT_NAME = "$(TARGET_NAME)";
				TEST_HOST = "$(BUILT_PRODUCTS_DIR)/MemeMe.app/MemeMe";
			};
			name = Release;
		};
		4E58B4D91BE535E50028A0A0 /* Debug */ = {
			isa = XCBuildConfiguration;
			buildSettings = {
				INFOPLIST_FILE = MemeMeUITests/Info.plist;
				LD_RUNPATH_SEARCH_PATHS = "$(inherited) @executable_path/Frameworks @loader_path/Frameworks";
				PRODUCT_BUNDLE_IDENTIFIER = nbhat.MemeMeUITests;
				PRODUCT_NAME = "$(TARGET_NAME)";
				TEST_TARGET_NAME = MemeMe;
				USES_XCTRUNNER = YES;
			};
			name = Debug;
		};
		4E58B4DA1BE535E50028A0A0 /* Release */ = {
			isa = XCBuildConfiguration;
			buildSettings = {
				INFOPLIST_FILE = MemeMeUITests/Info.plist;
				LD_RUNPATH_SEARCH_PATHS = "$(inherited) @executable_path/Frameworks @loader_path/Frameworks";
				PRODUCT_BUNDLE_IDENTIFIER = nbhat.MemeMeUITests;
				PRODUCT_NAME = "$(TARGET_NAME)";
				TEST_TARGET_NAME = MemeMe;
				USES_XCTRUNNER = YES;
			};
			name = Release;
		};
/* End XCBuildConfiguration section */

/* Begin XCConfigurationList section */
		4E58B4A51BE535E50028A0A0 /* Build configuration list for PBXProject "MemeMe" */ = {
			isa = XCConfigurationList;
			buildConfigurations = (
				4E58B4D01BE535E50028A0A0 /* Debug */,
				4E58B4D11BE535E50028A0A0 /* Release */,
			);
			defaultConfigurationIsVisible = 0;
			defaultConfigurationName = Release;
		};
		4E58B4D21BE535E50028A0A0 /* Build configuration list for PBXNativeTarget "MemeMe" */ = {
			isa = XCConfigurationList;
			buildConfigurations = (
				4E58B4D31BE535E50028A0A0 /* Debug */,
				4E58B4D41BE535E50028A0A0 /* Release */,
			);
			defaultConfigurationIsVisible = 0;
			defaultConfigurationName = Release;
		};
		4E58B4D51BE535E50028A0A0 /* Build configuration list for PBXNativeTarget "MemeMeTests" */ = {
			isa = XCConfigurationList;
			buildConfigurations = (
				4E58B4D61BE535E50028A0A0 /* Debug */,
				4E58B4D71BE535E50028A0A0 /* Release */,
			);
			defaultConfigurationIsVisible = 0;
			defaultConfigurationName = Release;
		};
		4E58B4D81BE535E50028A0A0 /* Build configuration list for PBXNativeTarget "MemeMeUITests" */ = {
			isa = XCConfigurationList;
			buildConfigurations = (
				4E58B4D91BE535E50028A0A0 /* Debug */,
				4E58B4DA1BE535E50028A0A0 /* Release */,
			);
			defaultConfigurationIsVisible = 0;
			defaultConfigurationName = Release;
		};
/* End XCConfigurationList section */
	};
	rootObject = 4E58B4A21BE535E50028A0A0 /* Project object */;
}
